
Microsoft Visual Studio Solution File, Format Version 12.00
# Visual Studio 15
Project("{FAE04EC0-301F-11D3-BF4B-00C04F79EFBC}") = "UnityEngine.TestRunner", "UnityEngine.TestRunner.csproj", "{FDE67A2B-FD14-7B06-609F-6944237614FA}"
EndProject
Project("{FAE04EC0-301F-11D3-BF4B-00C04F79EFBC}") = "Unity.TextMeshPro", "Unity.TextMeshPro.csproj", "{3715E2D1-7F07-5BC4-F585-D77070788052}"
EndProject
Project("{FAE04EC0-301F-11D3-BF4B-00C04F79EFBC}") = "Unity.Timeline", "Unity.Timeline.csproj", "{87C84A33-98C9-8A9A-15EA-CC6C3A299FDE}"
EndProject
Project("{FAE04EC0-301F-11D3-BF4B-00C04F79EFBC}") = "Assembly-CSharp", "Assembly-CSharp.csproj", "{C4B2DC6D-5838-AB96-773D-2A3BE549F8BE}"
EndProject
Project("{FAE04EC0-301F-11D3-BF4B-00C04F79EFBC}") = "UnityEditor.TestRunner", "UnityEditor.TestRunner.csproj", "{0ECDAB14-2BF3-4F4E-C8DC-1EAC192FF6BF}"
EndProject
Project("{FAE04EC0-301F-11D3-BF4B-00C04F79EFBC}") = "Unity.VisualStudio.Editor", "Unity.VisualStudio.Editor.csproj", "{B2371043-44B6-00D0-E0AF-91FF120D7BCA}"
EndProject
Project("{FAE04EC0-301F-11D3-BF4B-00C04F79EFBC}") = "Unity.TextMeshPro.Editor", "Unity.TextMeshPro.Editor.csproj", "{EECCE3CD-EC74-F142-3DEC-B76FBF54DB74}"
EndProject
Project("{FAE04EC0-301F-11D3-BF4B-00C04F79EFBC}") = "Unity.Timeline.Editor", "Unity.Timeline.Editor.csproj", "{3A33D7F4-D9EE-98B0-E985-397CA284B7BB}"
EndProject
Project("{FAE04EC0-301F-11D3-BF4B-00C04F79EFBC}") = "Unity.PlasticSCM.Editor", "Unity.PlasticSCM.Editor.csproj", "{70A3BD71-29E6-295C-421C-F4EC428373A5}"
EndProject
Project("{FAE04EC0-301F-11D3-BF4B-00C04F79EFBC}") = "Unity.Rider.Editor", "Unity.Rider.Editor.csproj", "{252AAF33-AB7B-0AD8-91EF-EF835A075C33}"
EndProject
Project("{FAE04EC0-301F-11D3-BF4B-00C04F79EFBC}") = "Unity.CollabProxy.Editor", "Unity.CollabProxy.Editor.csproj", "{C30131B4-302C-7A0D-EF75-524DD582FA78}"
EndProject
Project("{FAE04EC0-301F-11D3-BF4B-00C04F79EFBC}") = "Unity.VSCode.Editor", "Unity.VSCode.Editor.csproj", "{B8BF33C1-6612-A119-2241-0591BD25FF23}"
EndProject
Project("{FAE04EC0-301F-11D3-BF4B-00C04F79EFBC}") = "UnityEngine.TestRunner", "UnityEngine.TestRunner.Player.csproj", "{EF14A5B6-7898-262C-7FE1-5DDDA149EBEA}"
EndProject
Project("{FAE04EC0-301F-11D3-BF4B-00C04F79EFBC}") = "Unity.TextMeshPro", "Unity.TextMeshPro.Player.csproj", "{61BD78BE-8F44-24A7-1B17-D023B7BEB50F}"
EndProject
Project("{FAE04EC0-301F-11D3-BF4B-00C04F79EFBC}") = "Unity.Timeline", "Unity.Timeline.Player.csproj", "{E8360BB5-B9BD-DDE1-4195-B9FDDCD69937}"
EndProject
Project("{FAE04EC0-301F-11D3-BF4B-00C04F79EFBC}") = "Assembly-CSharp", "Assembly-CSharp.Player.csproj", "{59EDAB32-3CCA-21D0-3EB9-203B16C95939}"
EndProject
Global
	GlobalSection(SolutionConfigurationPlatforms) = preSolution
		Debug|Any CPU = Debug|Any CPU
		Release|Any CPU = Release|Any CPU
	EndGlobalSection
	GlobalSection(ProjectConfigurationPlatforms) = postSolution
		{FDE67A2B-FD14-7B06-609F-6944237614FA}.Debug|Any CPU.ActiveCfg = Debug|Any CPU
		{FDE67A2B-FD14-7B06-609F-6944237614FA}.Debug|Any CPU.Build.0 = Debug|Any CPU
		{FDE67A2B-FD14-7B06-609F-6944237614FA}.Release|Any CPU.ActiveCfg = Release|Any CPU
		{FDE67A2B-FD14-7B06-609F-6944237614FA}.Release|Any CPU.Build.0 = Release|Any CPU
		{3715E2D1-7F07-5BC4-F585-D77070788052}.Debug|Any CPU.ActiveCfg = Debug|Any CPU
		{3715E2D1-7F07-5BC4-F585-D77070788052}.Debug|Any CPU.Build.0 = Debug|Any CPU
		{3715E2D1-7F07-5BC4-F585-D77070788052}.Release|Any CPU.ActiveCfg = Release|Any CPU
		{3715E2D1-7F07-5BC4-F585-D77070788052}.Release|Any CPU.Build.0 = Release|Any CPU
		{87C84A33-98C9-8A9A-15EA-CC6C3A299FDE}.Debug|Any CPU.ActiveCfg = Debug|Any CPU
		{87C84A33-98C9-8A9A-15EA-CC6C3A299FDE}.Debug|Any CPU.Build.0 = Debug|Any CPU
		{87C84A33-98C9-8A9A-15EA-CC6C3A299FDE}.Release|Any CPU.ActiveCfg = Release|Any CPU
		{87C84A33-98C9-8A9A-15EA-CC6C3A299FDE}.Release|Any CPU.Build.0 = Release|Any CPU
		{C4B2DC6D-5838-AB96-773D-2A3BE549F8BE}.Debug|Any CPU.ActiveCfg = Debug|Any CPU
		{C4B2DC6D-5838-AB96-773D-2A3BE549F8BE}.Debug|Any CPU.Build.0 = Debug|Any CPU
		{C4B2DC6D-5838-AB96-773D-2A3BE549F8BE}.Release|Any CPU.ActiveCfg = Release|Any CPU
		{C4B2DC6D-5838-AB96-773D-2A3BE549F8BE}.Release|Any CPU.Build.0 = Release|Any CPU
		{0ECDAB14-2BF3-4F4E-C8DC-1EAC192FF6BF}.Debug|Any CPU.ActiveCfg = Debug|Any CPU
		{0ECDAB14-2BF3-4F4E-C8DC-1EAC192FF6BF}.Debug|Any CPU.Build.0 = Debug|Any CPU
		{0ECDAB14-2BF3-4F4E-C8DC-1EAC192FF6BF}.Release|Any CPU.ActiveCfg = Release|Any CPU
		{0ECDAB14-2BF3-4F4E-C8DC-1EAC192FF6BF}.Release|Any CPU.Build.0 = Release|Any CPU
		{B2371043-44B6-00D0-E0AF-91FF120D7BCA}.Debug|Any CPU.ActiveCfg = Debug|Any CPU
		{B2371043-44B6-00D0-E0AF-91FF120D7BCA}.Debug|Any CPU.Build.0 = Debug|Any CPU
		{B2371043-44B6-00D0-E0AF-91FF120D7BCA}.Release|Any CPU.ActiveCfg = Release|Any CPU
		{B2371043-44B6-00D0-E0AF-91FF120D7BCA}.Release|Any CPU.Build.0 = Release|Any CPU
		{EECCE3CD-EC74-F142-3DEC-B76FBF54DB74}.Debug|Any CPU.ActiveCfg = Debug|Any CPU
		{EECCE3CD-EC74-F142-3DEC-B76FBF54DB74}.Debug|Any CPU.Build.0 = Debug|Any CPU
		{EECCE3CD-EC74-F142-3DEC-B76FBF54DB74}.Release|Any CPU.ActiveCfg = Release|Any CPU
		{EECCE3CD-EC74-F142-3DEC-B76FBF54DB74}.Release|Any CPU.Build.0 = Release|Any CPU
		{3A33D7F4-D9EE-98B0-E985-397CA284B7BB}.Debug|Any CPU.ActiveCfg = Debug|Any CPU
		{3A33D7F4-D9EE-98B0-E985-397CA284B7BB}.Debug|Any CPU.Build.0 = Debug|Any CPU
		{3A33D7F4-D9EE-98B0-E985-397CA284B7BB}.Release|Any CPU.ActiveCfg = Release|Any CPU
		{3A33D7F4-D9EE-98B0-E985-397CA284B7BB}.Release|Any CPU.Build.0 = Release|Any CPU
		{70A3BD71-29E6-295C-421C-F4EC428373A5}.Debug|Any CPU.ActiveCfg = Debug|Any CPU
		{70A3BD71-29E6-295C-421C-F4EC428373A5}.Debug|Any CPU.Build.0 = Debug|Any CPU
		{70A3BD71-29E6-295C-421C-F4EC428373A5}.Release|Any CPU.ActiveCfg = Release|Any CPU
		{70A3BD71-29E6-295C-421C-F4EC428373A5}.Release|Any CPU.Build.0 = Release|Any CPU
		{252AAF33-AB7B-0AD8-91EF-EF835A075C33}.Debug|Any CPU.ActiveCfg = Debug|Any CPU
		{252AAF33-AB7B-0AD8-91EF-EF835A075C33}.Debug|Any CPU.Build.0 = Debug|Any CPU
		{252AAF33-AB7B-0AD8-91EF-EF835A075C33}.Release|Any CPU.ActiveCfg = Release|Any CPU
		{252AAF33-AB7B-0AD8-91EF-EF835A075C33}.Release|Any CPU.Build.0 = Release|Any CPU
		{C30131B4-302C-7A0D-EF75-524DD582FA78}.Debug|Any CPU.ActiveCfg = Debug|Any CPU
		{C30131B4-302C-7A0D-EF75-524DD582FA78}.Debug|Any CPU.Build.0 = Debug|Any CPU
		{C30131B4-302C-7A0D-EF75-524DD582FA78}.Release|Any CPU.ActiveCfg = Release|Any CPU
		{C30131B4-302C-7A0D-EF75-524DD582FA78}.Release|Any CPU.Build.0 = Release|Any CPU
		{B8BF33C1-6612-A119-2241-0591BD25FF23}.Debug|Any CPU.ActiveCfg = Debug|Any CPU
		{B8BF33C1-6612-A119-2241-0591BD25FF23}.Debug|Any CPU.Build.0 = Debug|Any CPU
		{B8BF33C1-6612-A119-2241-0591BD25FF23}.Release|Any CPU.ActiveCfg = Release|Any CPU
		{B8BF33C1-6612-A119-2241-0591BD25FF23}.Release|Any CPU.Build.0 = Release|Any CPU
		{EF14A5B6-7898-262C-7FE1-5DDDA149EBEA}.Debug|Any CPU.ActiveCfg = Debug|Any CPU
		{EF14A5B6-7898-262C-7FE1-5DDDA149EBEA}.Debug|Any CPU.Build.0 = Debug|Any CPU
		{EF14A5B6-7898-262C-7FE1-5DDDA149EBEA}.Release|Any CPU.ActiveCfg = Release|Any CPU
		{EF14A5B6-7898-262C-7FE1-5DDDA149EBEA}.Release|Any CPU.Build.0 = Release|Any CPU
		{61BD78BE-8F44-24A7-1B17-D023B7BEB50F}.Debug|Any CPU.ActiveCfg = Debug|Any CPU
		{61BD78BE-8F44-24A7-1B17-D023B7BEB50F}.Debug|Any CPU.Build.0 = Debug|Any CPU
		{61BD78BE-8F44-24A7-1B17-D023B7BEB50F}.Release|Any CPU.ActiveCfg = Release|Any CPU
		{61BD78BE-8F44-24A7-1B17-D023B7BEB50F}.Release|Any CPU.Build.0 = Release|Any CPU
		{E8360BB5-B9BD-DDE1-4195-B9FDDCD69937}.Debug|Any CPU.ActiveCfg = Debug|Any CPU
		{E8360BB5-B9BD-DDE1-4195-B9FDDCD69937}.Debug|Any CPU.Build.0 = Debug|Any CPU
		{E8360BB5-B9BD-DDE1-4195-B9FDDCD69937}.Release|Any CPU.ActiveCfg = Release|Any CPU
		{E8360BB5-B9BD-DDE1-4195-B9FDDCD69937}.Release|Any CPU.Build.0 = Release|Any CPU
		{59EDAB32-3CCA-21D0-3EB9-203B16C95939}.Debug|Any CPU.ActiveCfg = Debug|Any CPU
		{59EDAB32-3CCA-21D0-3EB9-203B16C95939}.Debug|Any CPU.Build.0 = Debug|Any CPU
		{59EDAB32-3CCA-21D0-3EB9-203B16C95939}.Release|Any CPU.ActiveCfg = Release|Any CPU
		{59EDAB32-3CCA-21D0-3EB9-203B16C95939}.Release|Any CPU.Build.0 = Release|Any CPU
	EndGlobalSection
	GlobalSection(SolutionProperties) = preSolution
		HideSolutionNode = FALSE
	EndGlobalSection
EndGlobal
